
Microsoft Visual Studio Solution File, Format Version 12.00
# Visual Studio Version 17
VisualStudioVersion = 17.3.32922.545
MinimumVisualStudioVersion = 10.0.40219.1
Project("{FAE04EC0-301F-11D3-BF4B-00C04F79EFBC}") = "Activity1_A", "Activity1_A\Activity1_A.csproj", "{EEECF9B4-EC9B-4EE2-B03A-705E9EF866DF}"
EndProject
Global
	GlobalSection(SolutionConfigurationPlatforms) = preSolution
		Debug|Any CPU = Debug|Any CPU
		Release|Any CPU = Release|Any CPU
	EndGlobalSection
	GlobalSection(ProjectConfigurationPlatforms) = postSolution
		{EEECF9B4-EC9B-4EE2-B03A-705E9EF866DF}.Debug|Any CPU.ActiveCfg = Debug|Any CPU
		{EEECF9B4-EC9B-4EE2-B03A-705E9EF866DF}.Debug|Any CPU.Build.0 = Debug|Any CPU
		{EEECF9B4-EC9B-4EE2-B03A-705E9EF866DF}.Release|Any CPU.ActiveCfg = Release|Any CPU
		{EEECF9B4-EC9B-4EE2-B03A-705E9EF866DF}.Release|Any CPU.Build.0 = Release|Any CPU
	EndGlobalSection
	GlobalSection(SolutionProperties) = preSolution
		HideSolutionNode = FALSE
	EndGlobalSection
	GlobalSection(ExtensibilityGlobals) = postSolution
		SolutionGuid = {314A358E-09CF-488F-B077-3B45B78E248E}
	EndGlobalSection
EndGlobal
